// !$*UTF8*$!
{
	archiveVersion = 1;
	classes = {
	};
	objectVersion = 46;
	objects = {

/* Begin PBXBuildFile section */
		3D6F57081D91817900449742 /* AppDelegate.swift in Sources */ = {isa = PBXBuildFile; fileRef = 3D6F57071D91817900449742 /* AppDelegate.swift */; };
		3D6F570A1D91817900449742 /* ViewController.swift in Sources */ = {isa = PBXBuildFile; fileRef = 3D6F57091D91817900449742 /* ViewController.swift */; };
		3D6F570D1D91817900449742 /* Main.storyboard in Resources */ = {isa = PBXBuildFile; fileRef = 3D6F570B1D91817900449742 /* Main.storyboard */; };
		3D6F570F1D91817900449742 /* Assets.xcassets in Resources */ = {isa = PBXBuildFile; fileRef = 3D6F570E1D91817900449742 /* Assets.xcassets */; };
		3D6F57121D91817900449742 /* LaunchScreen.storyboard in Resources */ = {isa = PBXBuildFile; fileRef = 3D6F57101D91817900449742 /* LaunchScreen.storyboard */; };
		3D6F57231D9181BC00449742 /* Copy-frameworks.sh in Resources */ = {isa = PBXBuildFile; fileRef = 3D6F571F1D9181BC00449742 /* Copy-frameworks.sh */; };
/* End PBXBuildFile section */

/* Begin PBXFileReference section */
		3D6F57041D91817900449742 /* RevealAllInOne.app */ = {isa = PBXFileReference; explicitFileType = wrapper.application; includeInIndex = 0; path = RevealAllInOne.app; sourceTree = BUILT_PRODUCTS_DIR; };
		3D6F57071D91817900449742 /* AppDelegate.swift */ = {isa = PBXFileReference; lastKnownFileType = sourcecode.swift; path = AppDelegate.swift; sourceTree = "<group>"; };
		3D6F57091D91817900449742 /* ViewController.swift */ = {isa = PBXFileReference; lastKnownFileType = sourcecode.swift; path = ViewController.swift; sourceTree = "<group>"; };
		3D6F570C1D91817900449742 /* Base */ = {isa = PBXFileReference; lastKnownFileType = file.storyboard; name = Base; path = Base.lproj/Main.storyboard; sourceTree = "<group>"; };
		3D6F570E1D91817900449742 /* Assets.xcassets */ = {isa = PBXFileReference; lastKnownFileType = folder.assetcatalog; path = Assets.xcassets; sourceTree = "<group>"; };
		3D6F57111D91817900449742 /* Base */ = {isa = PBXFileReference; lastKnownFileType = file.storyboard; name = Base; path = Base.lproj/LaunchScreen.storyboard; sourceTree = "<group>"; };
		3D6F57131D91817900449742 /* Info.plist */ = {isa = PBXFileReference; lastKnownFileType = text.plist.xml; path = Info.plist; sourceTree = "<group>"; };
		3D6F571B1D9181A500449742 /* libReveal.dylib */ = {isa = PBXFileReference; lastKnownFileType = "compiled.mach-o.dylib"; path = libReveal.dylib; sourceTree = "<group>"; };
		3D6F571D1D9181A500449742 /* RevealServer.framework */ = {isa = PBXFileReference; lastKnownFileType = wrapper.framework; path = RevealServer.framework; sourceTree = "<group>"; };
		3D6F571F1D9181BC00449742 /* Copy-frameworks.sh */ = {isa = PBXFileReference; fileEncoding = 4; lastKnownFileType = text.script.sh; path = "Copy-frameworks.sh"; sourceTree = "<group>"; };
/* End PBXFileReference section */

/* Begin PBXFrameworksBuildPhase section */
		3D6F57011D91817900449742 /* Frameworks */ = {
			isa = PBXFrameworksBuildPhase;
			buildActionMask = 2147483647;
			files = (
			);
			runOnlyForDeploymentPostprocessing = 0;
		};
/* End PBXFrameworksBuildPhase section */

/* Begin PBXGroup section */
		3D6F56FB1D91817900449742 = {
			isa = PBXGroup;
			children = (
				3D6F57061D91817900449742 /* RevealAllInOne */,
				3D6F57051D91817900449742 /* Products */,
			);
			sourceTree = "<group>";
		};
		3D6F57051D91817900449742 /* Products */ = {
			isa = PBXGroup;
			children = (
				3D6F57041D91817900449742 /* RevealAllInOne.app */,
			);
			name = Products;
			sourceTree = "<group>";
		};
		3D6F57061D91817900449742 /* RevealAllInOne */ = {
			isa = PBXGroup;
			children = (
				3D6F571E1D9181BC00449742 /* Config */,
				3D6F57191D9181A500449742 /* Reveal */,
				3D6F57071D91817900449742 /* AppDelegate.swift */,
				3D6F57091D91817900449742 /* ViewController.swift */,
				3D6F570B1D91817900449742 /* Main.storyboard */,
				3D6F570E1D91817900449742 /* Assets.xcassets */,
				3D6F57101D91817900449742 /* LaunchScreen.storyboard */,
				3D6F57131D91817900449742 /* Info.plist */,
			);
			path = RevealAllInOne;
			sourceTree = "<group>";
		};
		3D6F57191D9181A500449742 /* Reveal */ = {
			isa = PBXGroup;
			children = (
				3D6F571A1D9181A500449742 /* 1 */,
				3D6F571C1D9181A500449742 /* 2 */,
			);
			path = Reveal;
			sourceTree = "<group>";
		};
		3D6F571A1D9181A500449742 /* 1 */ = {
			isa = PBXGroup;
			children = (
				3D6F571B1D9181A500449742 /* libReveal.dylib */,
			);
			path = 1;
			sourceTree = "<group>";
		};
		3D6F571C1D9181A500449742 /* 2 */ = {
			isa = PBXGroup;
			children = (
				3D6F571D1D9181A500449742 /* RevealServer.framework */,
			);
			path = 2;
			sourceTree = "<group>";
		};
		3D6F571E1D9181BC00449742 /* Config */ = {
			isa = PBXGroup;
			children = (
				3D6F571F1D9181BC00449742 /* Copy-frameworks.sh */,
			);
			path = Config;
			sourceTree = "<group>";
		};
/* End PBXGroup section */

/* Begin PBXNativeTarget section */
		3D6F57031D91817900449742 /* RevealAllInOne */ = {
			isa = PBXNativeTarget;
			buildConfigurationList = 3D6F57161D91817900449742 /* Build configuration list for PBXNativeTarget "RevealAllInOne" */;
			buildPhases = (
				3D6F57001D91817900449742 /* Sources */,
				3D6F57011D91817900449742 /* Frameworks */,
				3D6F57021D91817900449742 /* Resources */,
				3D6F57271D9181F400449742 /* ShellScript */,
			);
			buildRules = (
			);
			dependencies = (
			);
			name = RevealAllInOne;
			productName = RevealAllInOne;
			productReference = 3D6F57041D91817900449742 /* RevealAllInOne.app */;
			productType = "com.apple.product-type.application";
		};
/* End PBXNativeTarget section */

/* Begin PBXProject section */
		3D6F56FC1D91817900449742 /* Project object */ = {
			isa = PBXProject;
			attributes = {
				LastSwiftUpdateCheck = 0800;
				LastUpgradeCheck = 0800;
				ORGANIZATIONNAME = Aimy;
				TargetAttributes = {
					3D6F57031D91817900449742 = {
						CreatedOnToolsVersion = 8.0;
						ProvisioningStyle = Automatic;
					};
				};
			};
			buildConfigurationList = 3D6F56FF1D91817900449742 /* Build configuration list for PBXProject "RevealAllInOne" */;
			compatibilityVersion = "Xcode 3.2";
			developmentRegion = English;
			hasScannedForEncodings = 0;
			knownRegions = (
				en,
				Base,
			);
			mainGroup = 3D6F56FB1D91817900449742;
			productRefGroup = 3D6F57051D91817900449742 /* Products */;
			projectDirPath = "";
			projectRoot = "";
			targets = (
				3D6F57031D91817900449742 /* RevealAllInOne */,
			);
		};
/* End PBXProject section */

/* Begin PBXResourcesBuildPhase section */
		3D6F57021D91817900449742 /* Resources */ = {
			isa = PBXResourcesBuildPhase;
			buildActionMask = 2147483647;
			files = (
				3D6F57231D9181BC00449742 /* Copy-frameworks.sh in Resources */,
				3D6F57121D91817900449742 /* LaunchScreen.storyboard in Resources */,
				3D6F570F1D91817900449742 /* Assets.xcassets in Resources */,
				3D6F570D1D91817900449742 /* Main.storyboard in Resources */,
			);
			runOnlyForDeploymentPostprocessing = 0;
		};
/* End PBXResourcesBuildPhase section */

/* Begin PBXShellScriptBuildPhase section */
		3D6F57271D9181F400449742 /* ShellScript */ = {
			isa = PBXShellScriptBuildPhase;
			buildActionMask = 2147483647;
			files = (
			);
			inputPaths = (
			);
			outputPaths = (
			);
			runOnlyForDeploymentPostprocessing = 0;
			shellPath = /bin/sh;
			shellScript = "\"${SRCROOT}/RevealAllInOne/Config/Copy-frameworks.sh\"";
		};
/* End PBXShellScriptBuildPhase section */

/* Begin PBXSourcesBuildPhase section */
		3D6F57001D91817900449742 /* Sources */ = {
			isa = PBXSourcesBuildPhase;
			buildActionMask = 2147483647;
			files = (
				3D6F570A1D91817900449742 /* ViewController.swift in Sources */,
				3D6F57081D91817900449742 /* AppDelegate.swift in Sources */,
			);
			runOnlyForDeploymentPostprocessing = 0;
		};
/* End PBXSourcesBuildPhase section */

/* Begin PBXVariantGroup section */
		3D6F570B1D91817900449742 /* Main.storyboard */ = {
			isa = PBXVariantGroup;
			children = (
				3D6F570C1D91817900449742 /* Base */,
			);
			name = Main.storyboard;
			sourceTree = "<group>";
		};
		3D6F57101D91817900449742 /* LaunchScreen.storyboard */ = {
			isa = PBXVariantGroup;
			children = (
				3D6F57111D91817900449742 /* Base */,
			);
			name = LaunchScreen.storyboard;
			sourceTree = "<group>";
		};
/* End PBXVariantGroup section */

/* Begin XCBuildConfiguration section */
		3D6F57141D91817900449742 /* Debug */ = {
			isa = XCBuildConfiguration;
			buildSettings = {
				ALWAYS_SEARCH_USER_PATHS = NO;
				CLANG_ANALYZER_NONNULL = YES;
				CLANG_CXX_LANGUAGE_STANDARD = "gnu++0x";
				CLANG_CXX_LIBRARY = "libc++";
				CLANG_ENABLE_MODULES = YES;
				CLANG_ENABLE_OBJC_ARC = YES;
				CLANG_WARN_BOOL_CONVERSION = YES;
				CLANG_WARN_CONSTANT_CONVERSION = YES;
				CLANG_WARN_DIRECT_OBJC_ISA_USAGE = YES_ERROR;
				CLANG_WARN_DOCUMENTATION_COMMENTS = YES;
				CLANG_WARN_EMPTY_BODY = YES;
				CLANG_WARN_ENUM_CONVERSION = YES;
				CLANG_WARN_INFINITE_RECURSION = YES;
				CLANG_WARN_INT_CONVERSION = YES;
				CLANG_WARN_OBJC_ROOT_CLASS = YES_ERROR;
				CLANG_WARN_SUSPICIOUS_MOVES = YES;
				CLANG_WARN_UNREACHABLE_CODE = YES;
				CLANG_WARN__DUPLICATE_METHOD_MATCH = YES;
				"CODE_SIGN_IDENTITY[sdk=iphoneos*]" = "iPhone Developer";
				COPY_PHASE_STRIP = NO;
				DEBUG_INFORMATION_FORMAT = dwarf;
				ENABLE_STRICT_OBJC_MSGSEND = YES;
				ENABLE_TESTABILITY = YES;
				GCC_C_LANGUAGE_STANDARD = gnu99;
				GCC_DYNAMIC_NO_PIC = NO;
				GCC_NO_COMMON_BLOCKS = YES;
				GCC_OPTIMIZATION_LEVEL = 0;
				GCC_PREPROCESSOR_DEFINITIONS = (
					"DEBUG=1",
					"$(inherited)",
				);
				GCC_WARN_64_TO_32_BIT_CONVERSION = YES;
				GCC_WARN_ABOUT_RETURN_TYPE = YES_ERROR;
				GCC_WARN_UNDECLARED_SELECTOR = YES;
				GCC_WARN_UNINITIALIZED_AUTOS = YES_AGGRESSIVE;
				GCC_WARN_UNUSED_FUNCTION = YES;
				GCC_WARN_UNUSED_VARIABLE = YES;
				IPHONEOS_DEPLOYMENT_TARGET = 10.0;
				MTL_ENABLE_DEBUG_INFO = YES;
				ONLY_ACTIVE_ARCH = YES;
				SDKROOT = iphoneos;
				SWIFT_ACTIVE_COMPILATION_CONDITIONS = DEBUG;
				SWIFT_OPTIMIZATION_LEVEL = "-Onone";
			};
			name = Debug;
		};
		3D6F57151D91817900449742 /* Release */ = {
			isa = XCBuildConfiguration;
			buildSettings = {
				ALWAYS_SEARCH_USER_PATHS = NO;
				CLANG_ANALYZER_NONNULL = YES;
				CLANG_CXX_LANGUAGE_STANDARD = "gnu++0x";
				CLANG_CXX_LIBRARY = "libc++";
				CLANG_ENABLE_MODULES = YES;
				CLANG_ENABLE_OBJC_ARC = YES;
				CLANG_WARN_BOOL_CONVERSION = YES;
				CLANG_WARN_CONSTANT_CONVERSION = YES;
				CLANG_WARN_DIRECT_OBJC_ISA_USAGE = YES_ERROR;
				CLANG_WARN_DOCUMENTATION_COMMENTS = YES;
				CLANG_WARN_EMPTY_BODY = YES;
				CLANG_WARN_ENUM_CONVERSION = YES;
				CLANG_WARN_INFINITE_RECURSION = YES;
				CLANG_WARN_INT_CONVERSION = YES;
				CLANG_WARN_OBJC_ROOT_CLASS = YES_ERROR;
				CLANG_WARN_SUSPICIOUS_MOVES = YES;
				CLANG_WARN_UNREACHABLE_CODE = YES;
				CLANG_WARN__DUPLICATE_METHOD_MATCH = YES;
				"CODE_SIGN_IDENTITY[sdk=iphoneos*]" = "iPhone Developer";
				COPY_PHASE_STRIP = NO;
				DEBUG_INFORMATION_FORMAT = "dwarf-with-dsym";
				ENABLE_NS_ASSERTIONS = NO;
				ENABLE_STRICT_OBJC_MSGSEND = YES;
				GCC_C_LANGUAGE_STANDARD = gnu99;
				GCC_NO_COMMON_BLOCKS = YES;
				GCC_WARN_64_TO_32_BIT_CONVERSION = YES;
				GCC_WARN_ABOUT_RETURN_TYPE = YES_ERROR;
				GCC_WARN_UNDECLARED_SELECTOR = YES;
				GCC_WARN_UNINITIALIZED_AUTOS = YES_AGGRESSIVE;
				GCC_WARN_UNUSED_FUNCTION = YES;
				GCC_WARN_UNUSED_VARIABLE = YES;
				IPHONEOS_DEPLOYMENT_TARGET = 10.0;
				MTL_ENABLE_DEBUG_INFO = NO;
				SDKROOT = iphoneos;
				SWIFT_OPTIMIZATION_LEVEL = "-Owholemodule";
				VALIDATE_PRODUCT = YES;
			};
			name = Release;
		};
		3D6F57171D91817900449742 /* Debug */ = {
			isa = XCBuildConfiguration;
			buildSettings = {
				ASSETCATALOG_COMPILER_APPICON_NAME = AppIcon;
				INFOPLIST_FILE = RevealAllInOne/Info.plist;
				LD_RUNPATH_SEARCH_PATHS = "$(inherited) @executable_path/Frameworks";
				OTHER_SWIFT_FLAGS = "\"-D\" \"DEBUG\"";
				PRODUCT_BUNDLE_IDENTIFIER = com.aimy.RevealAllInOne;
				PRODUCT_NAME = "$(TARGET_NAME)";
				SWIFT_VERSION = 3.0;
			};
			name = Debug;
		};
		3D6F57181D91817900449742 /* Release */ = {
			isa = XCBuildConfiguration;
			buildSettings = {
				ASSETCATALOG_COMPILER_APPICON_NAME = AppIcon;
				INFOPLIST_FILE = RevealAllInOne/Info.plist;
				LD_RUNPATH_SEARCH_PATHS = "$(inherited) @executable_path/Frameworks";
				PRODUCT_BUNDLE_IDENTIFIER = com.aimy.RevealAllInOne;
				PRODUCT_NAME = "$(TARGET_NAME)";
				SWIFT_VERSION = 3.0;
			};
			name = Release;
		};
/* End XCBuildConfiguration section */

/* Begin XCConfigurationList section */
		3D6F56FF1D91817900449742 /* Build configuration list for PBXProject "RevealAllInOne" */ = {
			isa = XCConfigurationList;
			buildConfigurations = (
				3D6F57141D91817900449742 /* Debug */,
				3D6F57151D91817900449742 /* Release */,
			);
			defaultConfigurationIsVisible = 0;
			defaultConfigurationName = Release;
		};
		3D6F57161D91817900449742 /* Build configuration list for PBXNativeTarget "RevealAllInOne" */ = {
			isa = XCConfigurationList;
			buildConfigurations = (
				3D6F57171D91817900449742 /* Debug */,
				3D6F57181D91817900449742 /* Release */,
			);
			defaultConfigurationIsVisible = 0;
		};
/* End XCConfigurationList section */
	};
	rootObject = 3D6F56FC1D91817900449742 /* Project object */;
}
